// !$*UTF8*$!
{
	archiveVersion = 1;
	classes = {
	};
	objectVersion = 50;
	objects = {

/* Begin PBXBuildFile section */
		95DAC282226212FF00A034FB /* AppDelegate.swift in Sources */ = {isa = PBXBuildFile; fileRef = 95DAC281226212FF00A034FB /* AppDelegate.swift */; };
		95DAC287226212FF00A034FB /* Main.storyboard in Resources */ = {isa = PBXBuildFile; fileRef = 95DAC285226212FF00A034FB /* Main.storyboard */; };
		95DAC2892262130200A034FB /* Assets.xcassets in Resources */ = {isa = PBXBuildFile; fileRef = 95DAC2882262130200A034FB /* Assets.xcassets */; };
		95DAC28C2262130200A034FB /* LaunchScreen.storyboard in Resources */ = {isa = PBXBuildFile; fileRef = 95DAC28A2262130200A034FB /* LaunchScreen.storyboard */; };
		95DAC29622621A4300A034FB /* UIViewController+Extensions.swift in Sources */ = {isa = PBXBuildFile; fileRef = 95DAC29522621A4300A034FB /* UIViewController+Extensions.swift */; };
		95DAC29822621B3000A034FB /* Error+Extensions.swift in Sources */ = {isa = PBXBuildFile; fileRef = 95DAC29722621B3000A034FB /* Error+Extensions.swift */; };
		95DAC2B622623DF900A034FB /* EventCell.swift in Sources */ = {isa = PBXBuildFile; fileRef = 95DAC2B522623DF900A034FB /* EventCell.swift */; };
		95DAC2B922623E2E00A034FB /* Reusable.swift in Sources */ = {isa = PBXBuildFile; fileRef = 95DAC2B822623E2E00A034FB /* Reusable.swift */; };
		95DAC2BB22623EAE00A034FB /* EventListViewController.swift in Sources */ = {isa = PBXBuildFile; fileRef = 95DAC2BA22623EAE00A034FB /* EventListViewController.swift */; };
		95DAC2BD2262416A00A034FB /* Data+Extensions.swift in Sources */ = {isa = PBXBuildFile; fileRef = 95DAC2BC2262416A00A034FB /* Data+Extensions.swift */; };
		95DAC2BF2262573000A034FB /* Operators.swift in Sources */ = {isa = PBXBuildFile; fileRef = 95DAC2BE2262573000A034FB /* Operators.swift */; };
		95DAC2C12262855500A034FB /* Event.swift in Sources */ = {isa = PBXBuildFile; fileRef = 95DAC2C02262855500A034FB /* Event.swift */; };
		95DAC2C322628B8900A034FB /* EventViewController.swift in Sources */ = {isa = PBXBuildFile; fileRef = 95DAC2C222628B8900A034FB /* EventViewController.swift */; };
/* End PBXBuildFile section */

/* Begin PBXCopyFilesBuildPhase section */
		95DAC2DB2262B9BB00A034FB /* Embed App Extensions */ = {
			isa = PBXCopyFilesBuildPhase;
			buildActionMask = 2147483647;
			dstPath = "";
			dstSubfolderSpec = 13;
			files = (
			);
			name = "Embed App Extensions";
			runOnlyForDeploymentPostprocessing = 0;
		};
/* End PBXCopyFilesBuildPhase section */

/* Begin PBXFileReference section */
		95DAC27E226212FF00A034FB /* Kevin.app */ = {isa = PBXFileReference; explicitFileType = wrapper.application; includeInIndex = 0; path = Kevin.app; sourceTree = BUILT_PRODUCTS_DIR; };
		95DAC281226212FF00A034FB /* AppDelegate.swift */ = {isa = PBXFileReference; lastKnownFileType = sourcecode.swift; path = AppDelegate.swift; sourceTree = "<group>"; };
		95DAC286226212FF00A034FB /* Base */ = {isa = PBXFileReference; lastKnownFileType = file.storyboard; name = Base; path = Base.lproj/Main.storyboard; sourceTree = "<group>"; };
		95DAC2882262130200A034FB /* Assets.xcassets */ = {isa = PBXFileReference; lastKnownFileType = folder.assetcatalog; path = Assets.xcassets; sourceTree = "<group>"; };
		95DAC28B2262130200A034FB /* Base */ = {isa = PBXFileReference; lastKnownFileType = file.storyboard; name = Base; path = Base.lproj/LaunchScreen.storyboard; sourceTree = "<group>"; };
		95DAC28D2262130200A034FB /* Info.plist */ = {isa = PBXFileReference; lastKnownFileType = text.plist.xml; path = Info.plist; sourceTree = "<group>"; };
		95DAC2932262168200A034FB /* Kevin.entitlements */ = {isa = PBXFileReference; lastKnownFileType = text.plist.entitlements; path = Kevin.entitlements; sourceTree = "<group>"; };
		95DAC29522621A4300A034FB /* UIViewController+Extensions.swift */ = {isa = PBXFileReference; fileEncoding = 4; lastKnownFileType = sourcecode.swift; path = "UIViewController+Extensions.swift"; sourceTree = "<group>"; };
		95DAC29722621B3000A034FB /* Error+Extensions.swift */ = {isa = PBXFileReference; fileEncoding = 4; lastKnownFileType = sourcecode.swift; path = "Error+Extensions.swift"; sourceTree = "<group>"; };
		95DAC2B522623DF900A034FB /* EventCell.swift */ = {isa = PBXFileReference; lastKnownFileType = sourcecode.swift; path = EventCell.swift; sourceTree = "<group>"; };
		95DAC2B822623E2E00A034FB /* Reusable.swift */ = {isa = PBXFileReference; lastKnownFileType = sourcecode.swift; path = Reusable.swift; sourceTree = "<group>"; };
		95DAC2BA22623EAE00A034FB /* EventListViewController.swift */ = {isa = PBXFileReference; lastKnownFileType = sourcecode.swift; path = EventListViewController.swift; sourceTree = "<group>"; };
		95DAC2BC2262416A00A034FB /* Data+Extensions.swift */ = {isa = PBXFileReference; lastKnownFileType = sourcecode.swift; path = "Data+Extensions.swift"; sourceTree = "<group>"; };
		95DAC2BE2262573000A034FB /* Operators.swift */ = {isa = PBXFileReference; fileEncoding = 4; lastKnownFileType = sourcecode.swift; path = Operators.swift; sourceTree = "<group>"; };
		95DAC2C02262855500A034FB /* Event.swift */ = {isa = PBXFileReference; lastKnownFileType = sourcecode.swift; path = Event.swift; sourceTree = "<group>"; };
		95DAC2C222628B8900A034FB /* EventViewController.swift */ = {isa = PBXFileReference; lastKnownFileType = sourcecode.swift; path = EventViewController.swift; sourceTree = "<group>"; };
		95DAC2CA2262B9BB00A034FB /* UserNotifications.framework */ = {isa = PBXFileReference; lastKnownFileType = wrapper.framework; name = UserNotifications.framework; path = System/Library/Frameworks/UserNotifications.framework; sourceTree = SDKROOT; };
		95DAC2CC2262B9BB00A034FB /* UserNotificationsUI.framework */ = {isa = PBXFileReference; lastKnownFileType = wrapper.framework; name = UserNotificationsUI.framework; path = System/Library/Frameworks/UserNotificationsUI.framework; sourceTree = SDKROOT; };
/* End PBXFileReference section */

/* Begin PBXFrameworksBuildPhase section */
		95DAC27B226212FF00A034FB /* Frameworks */ = {
			isa = PBXFrameworksBuildPhase;
			buildActionMask = 2147483647;
			files = (
			);
			runOnlyForDeploymentPostprocessing = 0;
		};
/* End PBXFrameworksBuildPhase section */

/* Begin PBXGroup section */
		95DAC275226212FE00A034FB = {
			isa = PBXGroup;
			children = (
				95DAC280226212FF00A034FB /* Kevin */,
				95DAC2C92262B9BB00A034FB /* Frameworks */,
				95DAC27F226212FF00A034FB /* Products */,
			);
			sourceTree = "<group>";
		};
		95DAC27F226212FF00A034FB /* Products */ = {
			isa = PBXGroup;
			children = (
				95DAC27E226212FF00A034FB /* Kevin.app */,
			);
			name = Products;
			sourceTree = "<group>";
		};
		95DAC280226212FF00A034FB /* Kevin */ = {
			isa = PBXGroup;
			children = (
				95DAC2B722623E2300A034FB /* Libraries */,
				95DAC29422621A3500A034FB /* Helpers */,
				95DAC2932262168200A034FB /* Kevin.entitlements */,
				95DAC281226212FF00A034FB /* AppDelegate.swift */,
				95DAC2C02262855500A034FB /* Event.swift */,
				95DAC2BA22623EAE00A034FB /* EventListViewController.swift */,
				95DAC2C222628B8900A034FB /* EventViewController.swift */,
				95DAC2B522623DF900A034FB /* EventCell.swift */,
				95DAC285226212FF00A034FB /* Main.storyboard */,
				95DAC2882262130200A034FB /* Assets.xcassets */,
				95DAC28A2262130200A034FB /* LaunchScreen.storyboard */,
				95DAC28D2262130200A034FB /* Info.plist */,
			);
			path = Kevin;
			sourceTree = "<group>";
		};
		95DAC29422621A3500A034FB /* Helpers */ = {
			isa = PBXGroup;
			children = (
				95DAC29722621B3000A034FB /* Error+Extensions.swift */,
				95DAC29522621A4300A034FB /* UIViewController+Extensions.swift */,
				95DAC2BC2262416A00A034FB /* Data+Extensions.swift */,
			);
			path = Helpers;
			sourceTree = "<group>";
		};
		95DAC2B722623E2300A034FB /* Libraries */ = {
			isa = PBXGroup;
			children = (
				95DAC2BE2262573000A034FB /* Operators.swift */,
				95DAC2B822623E2E00A034FB /* Reusable.swift */,
			);
			path = Libraries;
			sourceTree = "<group>";
		};
		95DAC2C92262B9BB00A034FB /* Frameworks */ = {
			isa = PBXGroup;
			children = (
				95DAC2CA2262B9BB00A034FB /* UserNotifications.framework */,
				95DAC2CC2262B9BB00A034FB /* UserNotificationsUI.framework */,
			);
			name = Frameworks;
			sourceTree = "<group>";
		};
/* End PBXGroup section */

/* Begin PBXNativeTarget section */
		95DAC27D226212FF00A034FB /* Kevin */ = {
			isa = PBXNativeTarget;
			buildConfigurationList = 95DAC2902262130200A034FB /* Build configuration list for PBXNativeTarget "Kevin" */;
			buildPhases = (
				95DAC27A226212FF00A034FB /* Sources */,
				95DAC27B226212FF00A034FB /* Frameworks */,
				95DAC27C226212FF00A034FB /* Resources */,
				95DAC2DB2262B9BB00A034FB /* Embed App Extensions */,
			);
			buildRules = (
			);
			dependencies = (
			);
			name = Kevin;
			productName = Kevin;
			productReference = 95DAC27E226212FF00A034FB /* Kevin.app */;
			productType = "com.apple.product-type.application";
		};
/* End PBXNativeTarget section */

/* Begin PBXProject section */
		95DAC276226212FF00A034FB /* Project object */ = {
			isa = PBXProject;
			attributes = {
				LastSwiftUpdateCheck = 1020;
				LastUpgradeCheck = 1020;
				ORGANIZATIONNAME = "Julian Dunskus";
				TargetAttributes = {
					95DAC27D226212FF00A034FB = {
						CreatedOnToolsVersion = 10.2;
						SystemCapabilities = {
							com.apple.BackgroundModes = {
								enabled = 1;
							};
							com.apple.Push = {
								enabled = 1;
							};
						};
					};
				};
			};
			buildConfigurationList = 95DAC279226212FF00A034FB /* Build configuration list for PBXProject "Kevin" */;
			compatibilityVersion = "Xcode 9.3";
			developmentRegion = en;
			hasScannedForEncodings = 0;
			knownRegions = (
				en,
				Base,
			);
			mainGroup = 95DAC275226212FE00A034FB;
			productRefGroup = 95DAC27F226212FF00A034FB /* Products */;
			projectDirPath = "";
			projectRoot = "";
			targets = (
				95DAC27D226212FF00A034FB /* Kevin */,
			);
		};
/* End PBXProject section */

/* Begin PBXResourcesBuildPhase section */
		95DAC27C226212FF00A034FB /* Resources */ = {
			isa = PBXResourcesBuildPhase;
			buildActionMask = 2147483647;
			files = (
				95DAC28C2262130200A034FB /* LaunchScreen.storyboard in Resources */,
				95DAC2892262130200A034FB /* Assets.xcassets in Resources */,
				95DAC287226212FF00A034FB /* Main.storyboard in Resources */,
			);
			runOnlyForDeploymentPostprocessing = 0;
		};
/* End PBXResourcesBuildPhase section */

/* Begin PBXSourcesBuildPhase section */
		95DAC27A226212FF00A034FB /* Sources */ = {
			isa = PBXSourcesBuildPhase;
			buildActionMask = 2147483647;
			files = (
				95DAC2B922623E2E00A034FB /* Reusable.swift in Sources */,
				95DAC2C12262855500A034FB /* Event.swift in Sources */,
				95DAC2BF2262573000A034FB /* Operators.swift in Sources */,
				95DAC2BD2262416A00A034FB /* Data+Extensions.swift in Sources */,
				95DAC2BB22623EAE00A034FB /* EventListViewController.swift in Sources */,
				95DAC2C322628B8900A034FB /* EventViewController.swift in Sources */,
				95DAC29622621A4300A034FB /* UIViewController+Extensions.swift in Sources */,
				95DAC2B622623DF900A034FB /* EventCell.swift in Sources */,
				95DAC29822621B3000A034FB /* Error+Extensions.swift in Sources */,
				95DAC282226212FF00A034FB /* AppDelegate.swift in Sources */,
			);
			runOnlyForDeploymentPostprocessing = 0;
		};
/* End PBXSourcesBuildPhase section */

/* Begin PBXVariantGroup section */
		95DAC285226212FF00A034FB /* Main.storyboard */ = {
			isa = PBXVariantGroup;
			children = (
				95DAC286226212FF00A034FB /* Base */,
			);
			name = Main.storyboard;
			sourceTree = "<group>";
		};
		95DAC28A2262130200A034FB /* LaunchScreen.storyboard */ = {
			isa = PBXVariantGroup;
			children = (
				95DAC28B2262130200A034FB /* Base */,
			);
			name = LaunchScreen.storyboard;
			sourceTree = "<group>";
		};
/* End PBXVariantGroup section */

/* Begin XCBuildConfiguration section */
		95DAC28E2262130200A034FB /* Debug */ = {
			isa = XCBuildConfiguration;
			buildSettings = {
				ALWAYS_SEARCH_USER_PATHS = NO;
				CLANG_ANALYZER_NONNULL = YES;
				CLANG_ANALYZER_NUMBER_OBJECT_CONVERSION = YES_AGGRESSIVE;
				CLANG_CXX_LANGUAGE_STANDARD = "gnu++14";
				CLANG_CXX_LIBRARY = "libc++";
				CLANG_ENABLE_MODULES = YES;
				CLANG_ENABLE_OBJC_ARC = YES;
				CLANG_ENABLE_OBJC_WEAK = YES;
				CLANG_WARN_BLOCK_CAPTURE_AUTORELEASING = YES;
				CLANG_WARN_BOOL_CONVERSION = YES;
				CLANG_WARN_COMMA = YES;
				CLANG_WARN_CONSTANT_CONVERSION = YES;
				CLANG_WARN_DEPRECATED_OBJC_IMPLEMENTATIONS = YES;
				CLANG_WARN_DIRECT_OBJC_ISA_USAGE = YES_ERROR;
				CLANG_WARN_DOCUMENTATION_COMMENTS = YES;
				CLANG_WARN_EMPTY_BODY = YES;
				CLANG_WARN_ENUM_CONVERSION = YES;
				CLANG_WARN_INFINITE_RECURSION = YES;
				CLANG_WARN_INT_CONVERSION = YES;
				CLANG_WARN_NON_LITERAL_NULL_CONVERSION = YES;
				CLANG_WARN_OBJC_IMPLICIT_RETAIN_SELF = YES;
				CLANG_WARN_OBJC_LITERAL_CONVERSION = YES;
				CLANG_WARN_OBJC_ROOT_CLASS = YES_ERROR;
				CLANG_WARN_RANGE_LOOP_ANALYSIS = YES;
				CLANG_WARN_STRICT_PROTOTYPES = YES;
				CLANG_WARN_SUSPICIOUS_MOVE = YES;
				CLANG_WARN_UNGUARDED_AVAILABILITY = YES_AGGRESSIVE;
				CLANG_WARN_UNREACHABLE_CODE = YES;
				CLANG_WARN__DUPLICATE_METHOD_MATCH = YES;
				CODE_SIGN_IDENTITY = "iPhone Developer";
				COPY_PHASE_STRIP = NO;
				DEBUG_INFORMATION_FORMAT = dwarf;
				ENABLE_STRICT_OBJC_MSGSEND = YES;
				ENABLE_TESTABILITY = YES;
				GCC_C_LANGUAGE_STANDARD = gnu11;
				GCC_DYNAMIC_NO_PIC = NO;
				GCC_NO_COMMON_BLOCKS = YES;
				GCC_OPTIMIZATION_LEVEL = 0;
				GCC_PREPROCESSOR_DEFINITIONS = (
					"DEBUG=1",
					"$(inherited)",
				);
				GCC_WARN_64_TO_32_BIT_CONVERSION = YES;
				GCC_WARN_ABOUT_RETURN_TYPE = YES_ERROR;
				GCC_WARN_UNDECLARED_SELECTOR = YES;
				GCC_WARN_UNINITIALIZED_AUTOS = YES_AGGRESSIVE;
				GCC_WARN_UNUSED_FUNCTION = YES;
				GCC_WARN_UNUSED_VARIABLE = YES;
				IPHONEOS_DEPLOYMENT_TARGET = 12.2;
				MTL_ENABLE_DEBUG_INFO = INCLUDE_SOURCE;
				MTL_FAST_MATH = YES;
				ONLY_ACTIVE_ARCH = YES;
				SDKROOT = iphoneos;
				SWIFT_ACTIVE_COMPILATION_CONDITIONS = DEBUG;
				SWIFT_OPTIMIZATION_LEVEL = "-Onone";
			};
			name = Debug;
		};
		95DAC28F2262130200A034FB /* Release */ = {
			isa = XCBuildConfiguration;
			buildSettings = {
				ALWAYS_SEARCH_USER_PATHS = NO;
				CLANG_ANALYZER_NONNULL = YES;
				CLANG_ANALYZER_NUMBER_OBJECT_CONVERSION = YES_AGGRESSIVE;
				CLANG_CXX_LANGUAGE_STANDARD = "gnu++14";
				CLANG_CXX_LIBRARY = "libc++";
				CLANG_ENABLE_MODULES = YES;
				CLANG_ENABLE_OBJC_ARC = YES;
				CLANG_ENABLE_OBJC_WEAK = YES;
				CLANG_WARN_BLOCK_CAPTURE_AUTORELEASING = YES;
				CLANG_WARN_BOOL_CONVERSION = YES;
				CLANG_WARN_COMMA = YES;
				CLANG_WARN_CONSTANT_CONVERSION = YES;
				CLANG_WARN_DEPRECATED_OBJC_IMPLEMENTATIONS = YES;
				CLANG_WARN_DIRECT_OBJC_ISA_USAGE = YES_ERROR;
				CLANG_WARN_DOCUMENTATION_COMMENTS = YES;
				CLANG_WARN_EMPTY_BODY = YES;
				CLANG_WARN_ENUM_CONVERSION = YES;
				CLANG_WARN_INFINITE_RECURSION = YES;
				CLANG_WARN_INT_CONVERSION = YES;
				CLANG_WARN_NON_LITERAL_NULL_CONVERSION = YES;
				CLANG_WARN_OBJC_IMPLICIT_RETAIN_SELF = YES;
				CLANG_WARN_OBJC_LITERAL_CONVERSION = YES;
				CLANG_WARN_OBJC_ROOT_CLASS = YES_ERROR;
				CLANG_WARN_RANGE_LOOP_ANALYSIS = YES;
				CLANG_WARN_STRICT_PROTOTYPES = YES;
				CLANG_WARN_SUSPICIOUS_MOVE = YES;
				CLANG_WARN_UNGUARDED_AVAILABILITY = YES_AGGRESSIVE;
				CLANG_WARN_UNREACHABLE_CODE = YES;
				CLANG_WARN__DUPLICATE_METHOD_MATCH = YES;
				CODE_SIGN_IDENTITY = "iPhone Developer";
				COPY_PHASE_STRIP = NO;
				DEBUG_INFORMATION_FORMAT = "dwarf-with-dsym";
				ENABLE_NS_ASSERTIONS = NO;
				ENABLE_STRICT_OBJC_MSGSEND = YES;
				GCC_C_LANGUAGE_STANDARD = gnu11;
				GCC_NO_COMMON_BLOCKS = YES;
				GCC_WARN_64_TO_32_BIT_CONVERSION = YES;
				GCC_WARN_ABOUT_RETURN_TYPE = YES_ERROR;
				GCC_WARN_UNDECLARED_SELECTOR = YES;
				GCC_WARN_UNINITIALIZED_AUTOS = YES_AGGRESSIVE;
				GCC_WARN_UNUSED_FUNCTION = YES;
				GCC_WARN_UNUSED_VARIABLE = YES;
				IPHONEOS_DEPLOYMENT_TARGET = 12.2;
				MTL_ENABLE_DEBUG_INFO = NO;
				MTL_FAST_MATH = YES;
				SDKROOT = iphoneos;
				SWIFT_COMPILATION_MODE = wholemodule;
				SWIFT_OPTIMIZATION_LEVEL = "-O";
				VALIDATE_PRODUCT = YES;
			};
			name = Release;
		};
		95DAC2912262130200A034FB /* Debug */ = {
			isa = XCBuildConfiguration;
			buildSettings = {
				ALWAYS_EMBED_SWIFT_STANDARD_LIBRARIES = YES;
				ASSETCATALOG_COMPILER_APPICON_NAME = AppIcon;
				CODE_SIGN_ENTITLEMENTS = Kevin/Kevin.entitlements;
				CODE_SIGN_STYLE = Automatic;
				DEVELOPMENT_TEAM = V2EPDFA9PV;
				INFOPLIST_FILE = Kevin/Info.plist;
				LD_RUNPATH_SEARCH_PATHS = (
					"$(inherited)",
					"@executable_path/Frameworks",
				);
				PRODUCT_BUNDLE_IDENTIFIER = com.juliand665.Kevin;
				PRODUCT_NAME = "$(TARGET_NAME)";
				SWIFT_VERSION = 5.0;
				TARGETED_DEVICE_FAMILY = "1,2";
			};
			name = Debug;
		};
		95DAC2922262130200A034FB /* Release */ = {
			isa = XCBuildConfiguration;
			buildSettings = {
				ALWAYS_EMBED_SWIFT_STANDARD_LIBRARIES = YES;
				ASSETCATALOG_COMPILER_APPICON_NAME = AppIcon;
				CODE_SIGN_ENTITLEMENTS = Kevin/Kevin.entitlements;
				CODE_SIGN_STYLE = Automatic;
				DEVELOPMENT_TEAM = V2EPDFA9PV;
				INFOPLIST_FILE = Kevin/Info.plist;
				LD_RUNPATH_SEARCH_PATHS = (
					"$(inherited)",
					"@executable_path/Frameworks",
				);
				PRODUCT_BUNDLE_IDENTIFIER = com.juliand665.Kevin;
				PRODUCT_NAME = "$(TARGET_NAME)";
				SWIFT_VERSION = 5.0;
				TARGETED_DEVICE_FAMILY = "1,2";
			};
			name = Release;
		};
/* End XCBuildConfiguration section */

/* Begin XCConfigurationList section */
		95DAC279226212FF00A034FB /* Build configuration list for PBXProject "Kevin" */ = {
			isa = XCConfigurationList;
			buildConfigurations = (
				95DAC28E2262130200A034FB /* Debug */,
				95DAC28F2262130200A034FB /* Release */,
			);
			defaultConfigurationIsVisible = 0;
			defaultConfigurationName = Release;
		};
		95DAC2902262130200A034FB /* Build configuration list for PBXNativeTarget "Kevin" */ = {
			isa = XCConfigurationList;
			buildConfigurations = (
				95DAC2912262130200A034FB /* Debug */,
				95DAC2922262130200A034FB /* Release */,
			);
			defaultConfigurationIsVisible = 0;
			defaultConfigurationName = Release;
		};
/* End XCConfigurationList section */
	};
	rootObject = 95DAC276226212FF00A034FB /* Project object */;
}
